PODS:
  - Alamofire (5.6.2)
  - Keychain (0.3.1)
  - Kingfisher (7.11.0)

DEPENDENCIES:
  - Alamofire
  - Keychain
  - Kingfisher

SPEC REPOS:
  trunk:
    - Alamofire
    - Keychain
    - Kingfisher

SPEC CHECKSUMS:
  Alamofire: d368e1ff8a298e6dde360e35a3e68e6c610e7204
  Keychain: ef812eafcf6593fe4409b07cfecc00b95fb373ed
  Kingfisher: b9c985d864d43515f404f1ef4a8ce7d802ace3ac

PODFILE CHECKSUM: 672fd62d8bb7faaed759649cfbe4fec0894b9aa5

COCOAPODS: 1.15.2
